
Microsoft Visual Studio Solution File, Format Version 12.00
# Visual Studio 15
VisualStudioVersion = 15.0.28010.2046
MinimumVisualStudioVersion = 10.0.40219.1
Project("{8BC9CEB8-8B4A-11D0-8D11-00A0C91BC942}") = "LABA45", "LABA4\LABA4.vcxproj", "{7C5EBEC5-35DA-4CE6-9DE1-BD917218FA57}"
EndProject
Project("{8BC9CEB8-8B4A-11D0-8D11-00A0C91BC942}") = "LABA46", "LABA46\LABA46.vcxproj", "{77F918E3-0219-4A1F-BE6B-D01B1ADEACCE}"
EndProject
Project("{8BC9CEB8-8B4A-11D0-8D11-00A0C91BC942}") = "LABA47", "LABA47\LABA47.vcxproj", "{8B5AF7EE-15EC-4792-8565-DC6176965A16}"
EndProject
Project("{8BC9CEB8-8B4A-11D0-8D11-00A0C91BC942}") = "LABA48", "LABA48\LABA48.vcxproj", "{3CF05120-F19F-473A-A82B-BF6B605185B5}"
EndProject
Project("{8BC9CEB8-8B4A-11D0-8D11-00A0C91BC942}") = "LABA49", "LABA49\LABA49.vcxproj", "{AC48D8C8-ED16-4703-9FB7-D2BF6B3C8B22}"
EndProject
Project("{8BC9CEB8-8B4A-11D0-8D11-00A0C91BC942}") = "LABA410", "LABA410\LABA410.vcxproj", "{5CF14217-78D5-4D57-AA37-C854A9A6E6A5}"
EndProject
Project("{8BC9CEB8-8B4A-11D0-8D11-00A0C91BC942}") = "LABA411", "LABA411\LABA411.vcxproj", "{8CD9111A-715F-4B3E-8EDE-931C52C35169}"
EndProject
Project("{8BC9CEB8-8B4A-11D0-8D11-00A0C91BC942}") = "LABA412", "LABA412\LABA412.vcxproj", "{55598B00-95F9-4FEE-B046-435E1B27D393}"
EndProject
Global
	GlobalSection(SolutionConfigurationPlatforms) = preSolution
		Debug|x64 = Debug|x64
		Debug|x86 = Debug|x86
		Release|x64 = Release|x64
		Release|x86 = Release|x86
	EndGlobalSection
	GlobalSection(ProjectConfigurationPlatforms) = postSolution
		{7C5EBEC5-35DA-4CE6-9DE1-BD917218FA57}.Debug|x64.ActiveCfg = Debug|x64
		{7C5EBEC5-35DA-4CE6-9DE1-BD917218FA57}.Debug|x64.Build.0 = Debug|x64
		{7C5EBEC5-35DA-4CE6-9DE1-BD917218FA57}.Debug|x86.ActiveCfg = Debug|Win32
		{7C5EBEC5-35DA-4CE6-9DE1-BD917218FA57}.Debug|x86.Build.0 = Debug|Win32
		{7C5EBEC5-35DA-4CE6-9DE1-BD917218FA57}.Release|x64.ActiveCfg = Release|x64
		{7C5EBEC5-35DA-4CE6-9DE1-BD917218FA57}.Release|x64.Build.0 = Release|x64
		{7C5EBEC5-35DA-4CE6-9DE1-BD917218FA57}.Release|x86.ActiveCfg = Release|Win32
		{7C5EBEC5-35DA-4CE6-9DE1-BD917218FA57}.Release|x86.Build.0 = Release|Win32
		{77F918E3-0219-4A1F-BE6B-D01B1ADEACCE}.Debug|x64.ActiveCfg = Debug|x64
		{77F918E3-0219-4A1F-BE6B-D01B1ADEACCE}.Debug|x64.Build.0 = Debug|x64
		{77F918E3-0219-4A1F-BE6B-D01B1ADEACCE}.Debug|x86.ActiveCfg = Debug|Win32
		{77F918E3-0219-4A1F-BE6B-D01B1ADEACCE}.Debug|x86.Build.0 = Debug|Win32
		{77F918E3-0219-4A1F-BE6B-D01B1ADEACCE}.Release|x64.ActiveCfg = Release|x64
		{77F918E3-0219-4A1F-BE6B-D01B1ADEACCE}.Release|x64.Build.0 = Release|x64
		{77F918E3-0219-4A1F-BE6B-D01B1ADEACCE}.Release|x86.ActiveCfg = Release|Win32
		{77F918E3-0219-4A1F-BE6B-D01B1ADEACCE}.Release|x86.Build.0 = Release|Win32
		{8B5AF7EE-15EC-4792-8565-DC6176965A16}.Debug|x64.ActiveCfg = Debug|x64
		{8B5AF7EE-15EC-4792-8565-DC6176965A16}.Debug|x64.Build.0 = Debug|x64
		{8B5AF7EE-15EC-4792-8565-DC6176965A16}.Debug|x86.ActiveCfg = Debug|Win32
		{8B5AF7EE-15EC-4792-8565-DC6176965A16}.Debug|x86.Build.0 = Debug|Win32
		{8B5AF7EE-15EC-4792-8565-DC6176965A16}.Release|x64.ActiveCfg = Release|x64
		{8B5AF7EE-15EC-4792-8565-DC6176965A16}.Release|x64.Build.0 = Release|x64
		{8B5AF7EE-15EC-4792-8565-DC6176965A16}.Release|x86.ActiveCfg = Release|Win32
		{8B5AF7EE-15EC-4792-8565-DC6176965A16}.Release|x86.Build.0 = Release|Win32
		{3CF05120-F19F-473A-A82B-BF6B605185B5}.Debug|x64.ActiveCfg = Debug|x64
		{3CF05120-F19F-473A-A82B-BF6B605185B5}.Debug|x64.Build.0 = Debug|x64
		{3CF05120-F19F-473A-A82B-BF6B605185B5}.Debug|x86.ActiveCfg = Debug|Win32
		{3CF05120-F19F-473A-A82B-BF6B605185B5}.Debug|x86.Build.0 = Debug|Win32
		{3CF05120-F19F-473A-A82B-BF6B605185B5}.Release|x64.ActiveCfg = Release|x64
		{3CF05120-F19F-473A-A82B-BF6B605185B5}.Release|x64.Build.0 = Release|x64
		{3CF05120-F19F-473A-A82B-BF6B605185B5}.Release|x86.ActiveCfg = Release|Win32
		{3CF05120-F19F-473A-A82B-BF6B605185B5}.Release|x86.Build.0 = Release|Win32
		{AC48D8C8-ED16-4703-9FB7-D2BF6B3C8B22}.Debug|x64.ActiveCfg = Debug|x64
		{AC48D8C8-ED16-4703-9FB7-D2BF6B3C8B22}.Debug|x64.Build.0 = Debug|x64
		{AC48D8C8-ED16-4703-9FB7-D2BF6B3C8B22}.Debug|x86.ActiveCfg = Debug|Win32
		{AC48D8C8-ED16-4703-9FB7-D2BF6B3C8B22}.Debug|x86.Build.0 = Debug|Win32
		{AC48D8C8-ED16-4703-9FB7-D2BF6B3C8B22}.Release|x64.ActiveCfg = Release|x64
		{AC48D8C8-ED16-4703-9FB7-D2BF6B3C8B22}.Release|x64.Build.0 = Release|x64
		{AC48D8C8-ED16-4703-9FB7-D2BF6B3C8B22}.Release|x86.ActiveCfg = Release|Win32
		{AC48D8C8-ED16-4703-9FB7-D2BF6B3C8B22}.Release|x86.Build.0 = Release|Win32
		{5CF14217-78D5-4D57-AA37-C854A9A6E6A5}.Debug|x64.ActiveCfg = Debug|x64
		{5CF14217-78D5-4D57-AA37-C854A9A6E6A5}.Debug|x64.Build.0 = Debug|x64
		{5CF14217-78D5-4D57-AA37-C854A9A6E6A5}.Debug|x86.ActiveCfg = Debug|Win32
		{5CF14217-78D5-4D57-AA37-C854A9A6E6A5}.Debug|x86.Build.0 = Debug|Win32
		{5CF14217-78D5-4D57-AA37-C854A9A6E6A5}.Release|x64.ActiveCfg = Release|x64
		{5CF14217-78D5-4D57-AA37-C854A9A6E6A5}.Release|x64.Build.0 = Release|x64
		{5CF14217-78D5-4D57-AA37-C854A9A6E6A5}.Release|x86.ActiveCfg = Release|Win32
		{5CF14217-78D5-4D57-AA37-C854A9A6E6A5}.Release|x86.Build.0 = Release|Win32
		{8CD9111A-715F-4B3E-8EDE-931C52C35169}.Debug|x64.ActiveCfg = Debug|x64
		{8CD9111A-715F-4B3E-8EDE-931C52C35169}.Debug|x64.Build.0 = Debug|x64
		{8CD9111A-715F-4B3E-8EDE-931C52C35169}.Debug|x86.ActiveCfg = Debug|Win32
		{8CD9111A-715F-4B3E-8EDE-931C52C35169}.Debug|x86.Build.0 = Debug|Win32
		{8CD9111A-715F-4B3E-8EDE-931C52C35169}.Release|x64.ActiveCfg = Release|x64
		{8CD9111A-715F-4B3E-8EDE-931C52C35169}.Release|x64.Build.0 = Release|x64
		{8CD9111A-715F-4B3E-8EDE-931C52C35169}.Release|x86.ActiveCfg = Release|Win32
		{8CD9111A-715F-4B3E-8EDE-931C52C35169}.Release|x86.Build.0 = Release|Win32
		{55598B00-95F9-4FEE-B046-435E1B27D393}.Debug|x64.ActiveCfg = Debug|x64
		{55598B00-95F9-4FEE-B046-435E1B27D393}.Debug|x64.Build.0 = Debug|x64
		{55598B00-95F9-4FEE-B046-435E1B27D393}.Debug|x86.ActiveCfg = Debug|Win32
		{55598B00-95F9-4FEE-B046-435E1B27D393}.Debug|x86.Build.0 = Debug|Win32
		{55598B00-95F9-4FEE-B046-435E1B27D393}.Release|x64.ActiveCfg = Release|x64
		{55598B00-95F9-4FEE-B046-435E1B27D393}.Release|x64.Build.0 = Release|x64
		{55598B00-95F9-4FEE-B046-435E1B27D393}.Release|x86.ActiveCfg = Release|Win32
		{55598B00-95F9-4FEE-B046-435E1B27D393}.Release|x86.Build.0 = Release|Win32
	EndGlobalSection
	GlobalSection(SolutionProperties) = preSolution
		HideSolutionNode = FALSE
	EndGlobalSection
	GlobalSection(ExtensibilityGlobals) = postSolution
		SolutionGuid = {0DFDFA54-A0B8-4BD7-A56C-FCE80E0A136B}
	EndGlobalSection
EndGlobal
