
Microsoft Visual Studio Solution File, Format Version 12.00
# Visual Studio 15
VisualStudioVersion = 15.0.28010.2046
MinimumVisualStudioVersion = 10.0.40219.1
Project("{8BC9CEB8-8B4A-11D0-8D11-00A0C91BC942}") = "LABA14", "LABA1\LABA1.vcxproj", "{B5AA3D25-5A64-40BB-BC2A-199854167C90}"
EndProject
Project("{8BC9CEB8-8B4A-11D0-8D11-00A0C91BC942}") = "LABA15", "LABA15\LABA15.vcxproj", "{BED00AC6-8187-4894-9F86-07575B00D0E1}"
EndProject
Project("{8BC9CEB8-8B4A-11D0-8D11-00A0C91BC942}") = "LABA16", "LABA16\LABA16.vcxproj", "{A37D3D67-22ED-4A9E-A782-A428928FF07F}"
EndProject
Project("{8BC9CEB8-8B4A-11D0-8D11-00A0C91BC942}") = "LABA17", "LABA17\LABA17.vcxproj", "{894E2EFB-14FE-4F4F-A98E-04DE9E1CF379}"
EndProject
Project("{8BC9CEB8-8B4A-11D0-8D11-00A0C91BC942}") = "LABA18", "LABA18\LABA18.vcxproj", "{B3325F5C-87F4-44A2-B454-39DB95CF4B33}"
EndProject
Project("{8BC9CEB8-8B4A-11D0-8D11-00A0C91BC942}") = "LABA19", "LABA19\LABA19.vcxproj", "{DF7C2133-E760-49AE-9B2A-A7D297A26C52}"
EndProject
Project("{8BC9CEB8-8B4A-11D0-8D11-00A0C91BC942}") = "LABA110", "LABA110\LABA110.vcxproj", "{6764438D-0285-48FA-85A0-67B20FF93777}"
EndProject
Project("{8BC9CEB8-8B4A-11D0-8D11-00A0C91BC942}") = "LABA111", "LABA111\LABA111.vcxproj", "{2389963B-6FBF-4E71-AB64-01486EE19ACA}"
EndProject
Project("{8BC9CEB8-8B4A-11D0-8D11-00A0C91BC942}") = "LABA112", "LABA112\LABA112.vcxproj", "{865712BF-A54E-4C6F-AB7A-80C53E6D478D}"
EndProject
Project("{8BC9CEB8-8B4A-11D0-8D11-00A0C91BC942}") = "DEFENCE", "DEFENCE\DEFENCE.vcxproj", "{09E838F6-3E3D-4240-B4AB-E339DFE7E7CF}"
EndProject
Project("{8BC9CEB8-8B4A-11D0-8D11-00A0C91BC942}") = "DEFENCE2", "DEFENCE2\DEFENCE2.vcxproj", "{5A727143-8059-4161-80B4-071085F396CE}"
EndProject
Global
	GlobalSection(SolutionConfigurationPlatforms) = preSolution
		Debug|x64 = Debug|x64
		Debug|x86 = Debug|x86
		Release|x64 = Release|x64
		Release|x86 = Release|x86
	EndGlobalSection
	GlobalSection(ProjectConfigurationPlatforms) = postSolution
		{B5AA3D25-5A64-40BB-BC2A-199854167C90}.Debug|x64.ActiveCfg = Debug|x64
		{B5AA3D25-5A64-40BB-BC2A-199854167C90}.Debug|x64.Build.0 = Debug|x64
		{B5AA3D25-5A64-40BB-BC2A-199854167C90}.Debug|x86.ActiveCfg = Debug|Win32
		{B5AA3D25-5A64-40BB-BC2A-199854167C90}.Debug|x86.Build.0 = Debug|Win32
		{B5AA3D25-5A64-40BB-BC2A-199854167C90}.Release|x64.ActiveCfg = Release|x64
		{B5AA3D25-5A64-40BB-BC2A-199854167C90}.Release|x64.Build.0 = Release|x64
		{B5AA3D25-5A64-40BB-BC2A-199854167C90}.Release|x86.ActiveCfg = Release|Win32
		{B5AA3D25-5A64-40BB-BC2A-199854167C90}.Release|x86.Build.0 = Release|Win32
		{BED00AC6-8187-4894-9F86-07575B00D0E1}.Debug|x64.ActiveCfg = Debug|x64
		{BED00AC6-8187-4894-9F86-07575B00D0E1}.Debug|x64.Build.0 = Debug|x64
		{BED00AC6-8187-4894-9F86-07575B00D0E1}.Debug|x86.ActiveCfg = Debug|Win32
		{BED00AC6-8187-4894-9F86-07575B00D0E1}.Debug|x86.Build.0 = Debug|Win32
		{BED00AC6-8187-4894-9F86-07575B00D0E1}.Release|x64.ActiveCfg = Release|x64
		{BED00AC6-8187-4894-9F86-07575B00D0E1}.Release|x64.Build.0 = Release|x64
		{BED00AC6-8187-4894-9F86-07575B00D0E1}.Release|x86.ActiveCfg = Release|Win32
		{BED00AC6-8187-4894-9F86-07575B00D0E1}.Release|x86.Build.0 = Release|Win32
		{A37D3D67-22ED-4A9E-A782-A428928FF07F}.Debug|x64.ActiveCfg = Debug|x64
		{A37D3D67-22ED-4A9E-A782-A428928FF07F}.Debug|x64.Build.0 = Debug|x64
		{A37D3D67-22ED-4A9E-A782-A428928FF07F}.Debug|x86.ActiveCfg = Debug|Win32
		{A37D3D67-22ED-4A9E-A782-A428928FF07F}.Debug|x86.Build.0 = Debug|Win32
		{A37D3D67-22ED-4A9E-A782-A428928FF07F}.Release|x64.ActiveCfg = Release|x64
		{A37D3D67-22ED-4A9E-A782-A428928FF07F}.Release|x64.Build.0 = Release|x64
		{A37D3D67-22ED-4A9E-A782-A428928FF07F}.Release|x86.ActiveCfg = Release|Win32
		{A37D3D67-22ED-4A9E-A782-A428928FF07F}.Release|x86.Build.0 = Release|Win32
		{894E2EFB-14FE-4F4F-A98E-04DE9E1CF379}.Debug|x64.ActiveCfg = Debug|x64
		{894E2EFB-14FE-4F4F-A98E-04DE9E1CF379}.Debug|x64.Build.0 = Debug|x64
		{894E2EFB-14FE-4F4F-A98E-04DE9E1CF379}.Debug|x86.ActiveCfg = Debug|Win32
		{894E2EFB-14FE-4F4F-A98E-04DE9E1CF379}.Debug|x86.Build.0 = Debug|Win32
		{894E2EFB-14FE-4F4F-A98E-04DE9E1CF379}.Release|x64.ActiveCfg = Release|x64
		{894E2EFB-14FE-4F4F-A98E-04DE9E1CF379}.Release|x64.Build.0 = Release|x64
		{894E2EFB-14FE-4F4F-A98E-04DE9E1CF379}.Release|x86.ActiveCfg = Release|Win32
		{894E2EFB-14FE-4F4F-A98E-04DE9E1CF379}.Release|x86.Build.0 = Release|Win32
		{B3325F5C-87F4-44A2-B454-39DB95CF4B33}.Debug|x64.ActiveCfg = Debug|x64
		{B3325F5C-87F4-44A2-B454-39DB95CF4B33}.Debug|x64.Build.0 = Debug|x64
		{B3325F5C-87F4-44A2-B454-39DB95CF4B33}.Debug|x86.ActiveCfg = Debug|Win32
		{B3325F5C-87F4-44A2-B454-39DB95CF4B33}.Debug|x86.Build.0 = Debug|Win32
		{B3325F5C-87F4-44A2-B454-39DB95CF4B33}.Release|x64.ActiveCfg = Release|x64
		{B3325F5C-87F4-44A2-B454-39DB95CF4B33}.Release|x64.Build.0 = Release|x64
		{B3325F5C-87F4-44A2-B454-39DB95CF4B33}.Release|x86.ActiveCfg = Release|Win32
		{B3325F5C-87F4-44A2-B454-39DB95CF4B33}.Release|x86.Build.0 = Release|Win32
		{DF7C2133-E760-49AE-9B2A-A7D297A26C52}.Debug|x64.ActiveCfg = Debug|x64
		{DF7C2133-E760-49AE-9B2A-A7D297A26C52}.Debug|x64.Build.0 = Debug|x64
		{DF7C2133-E760-49AE-9B2A-A7D297A26C52}.Debug|x86.ActiveCfg = Debug|Win32
		{DF7C2133-E760-49AE-9B2A-A7D297A26C52}.Debug|x86.Build.0 = Debug|Win32
		{DF7C2133-E760-49AE-9B2A-A7D297A26C52}.Release|x64.ActiveCfg = Release|x64
		{DF7C2133-E760-49AE-9B2A-A7D297A26C52}.Release|x64.Build.0 = Release|x64
		{DF7C2133-E760-49AE-9B2A-A7D297A26C52}.Release|x86.ActiveCfg = Release|Win32
		{DF7C2133-E760-49AE-9B2A-A7D297A26C52}.Release|x86.Build.0 = Release|Win32
		{6764438D-0285-48FA-85A0-67B20FF93777}.Debug|x64.ActiveCfg = Debug|x64
		{6764438D-0285-48FA-85A0-67B20FF93777}.Debug|x64.Build.0 = Debug|x64
		{6764438D-0285-48FA-85A0-67B20FF93777}.Debug|x86.ActiveCfg = Debug|Win32
		{6764438D-0285-48FA-85A0-67B20FF93777}.Debug|x86.Build.0 = Debug|Win32
		{6764438D-0285-48FA-85A0-67B20FF93777}.Release|x64.ActiveCfg = Release|x64
		{6764438D-0285-48FA-85A0-67B20FF93777}.Release|x64.Build.0 = Release|x64
		{6764438D-0285-48FA-85A0-67B20FF93777}.Release|x86.ActiveCfg = Release|Win32
		{6764438D-0285-48FA-85A0-67B20FF93777}.Release|x86.Build.0 = Release|Win32
		{2389963B-6FBF-4E71-AB64-01486EE19ACA}.Debug|x64.ActiveCfg = Debug|x64
		{2389963B-6FBF-4E71-AB64-01486EE19ACA}.Debug|x64.Build.0 = Debug|x64
		{2389963B-6FBF-4E71-AB64-01486EE19ACA}.Debug|x86.ActiveCfg = Debug|Win32
		{2389963B-6FBF-4E71-AB64-01486EE19ACA}.Debug|x86.Build.0 = Debug|Win32
		{2389963B-6FBF-4E71-AB64-01486EE19ACA}.Release|x64.ActiveCfg = Release|x64
		{2389963B-6FBF-4E71-AB64-01486EE19ACA}.Release|x64.Build.0 = Release|x64
		{2389963B-6FBF-4E71-AB64-01486EE19ACA}.Release|x86.ActiveCfg = Release|Win32
		{2389963B-6FBF-4E71-AB64-01486EE19ACA}.Release|x86.Build.0 = Release|Win32
		{865712BF-A54E-4C6F-AB7A-80C53E6D478D}.Debug|x64.ActiveCfg = Debug|x64
		{865712BF-A54E-4C6F-AB7A-80C53E6D478D}.Debug|x64.Build.0 = Debug|x64
		{865712BF-A54E-4C6F-AB7A-80C53E6D478D}.Debug|x86.ActiveCfg = Debug|Win32
		{865712BF-A54E-4C6F-AB7A-80C53E6D478D}.Debug|x86.Build.0 = Debug|Win32
		{865712BF-A54E-4C6F-AB7A-80C53E6D478D}.Release|x64.ActiveCfg = Release|x64
		{865712BF-A54E-4C6F-AB7A-80C53E6D478D}.Release|x64.Build.0 = Release|x64
		{865712BF-A54E-4C6F-AB7A-80C53E6D478D}.Release|x86.ActiveCfg = Release|Win32
		{865712BF-A54E-4C6F-AB7A-80C53E6D478D}.Release|x86.Build.0 = Release|Win32
		{09E838F6-3E3D-4240-B4AB-E339DFE7E7CF}.Debug|x64.ActiveCfg = Debug|x64
		{09E838F6-3E3D-4240-B4AB-E339DFE7E7CF}.Debug|x64.Build.0 = Debug|x64
		{09E838F6-3E3D-4240-B4AB-E339DFE7E7CF}.Debug|x86.ActiveCfg = Debug|Win32
		{09E838F6-3E3D-4240-B4AB-E339DFE7E7CF}.Debug|x86.Build.0 = Debug|Win32
		{09E838F6-3E3D-4240-B4AB-E339DFE7E7CF}.Release|x64.ActiveCfg = Release|x64
		{09E838F6-3E3D-4240-B4AB-E339DFE7E7CF}.Release|x64.Build.0 = Release|x64
		{09E838F6-3E3D-4240-B4AB-E339DFE7E7CF}.Release|x86.ActiveCfg = Release|Win32
		{09E838F6-3E3D-4240-B4AB-E339DFE7E7CF}.Release|x86.Build.0 = Release|Win32
		{5A727143-8059-4161-80B4-071085F396CE}.Debug|x64.ActiveCfg = Debug|x64
		{5A727143-8059-4161-80B4-071085F396CE}.Debug|x64.Build.0 = Debug|x64
		{5A727143-8059-4161-80B4-071085F396CE}.Debug|x86.ActiveCfg = Debug|Win32
		{5A727143-8059-4161-80B4-071085F396CE}.Debug|x86.Build.0 = Debug|Win32
		{5A727143-8059-4161-80B4-071085F396CE}.Release|x64.ActiveCfg = Release|x64
		{5A727143-8059-4161-80B4-071085F396CE}.Release|x64.Build.0 = Release|x64
		{5A727143-8059-4161-80B4-071085F396CE}.Release|x86.ActiveCfg = Release|Win32
		{5A727143-8059-4161-80B4-071085F396CE}.Release|x86.Build.0 = Release|Win32
	EndGlobalSection
	GlobalSection(SolutionProperties) = preSolution
		HideSolutionNode = FALSE
	EndGlobalSection
	GlobalSection(ExtensibilityGlobals) = postSolution
		SolutionGuid = {25B76AFE-035E-4E8D-9206-26E111AA613B}
	EndGlobalSection
EndGlobal
