
Microsoft Visual Studio Solution File, Format Version 12.00
# Visual Studio 15
VisualStudioVersion = 15.0.28010.2046
MinimumVisualStudioVersion = 10.0.40219.1
Project("{8BC9CEB8-8B4A-11D0-8D11-00A0C91BC942}") = "LABA54", "LABA5\LABA5.vcxproj", "{9C0FE57C-E54E-4F3A-8C41-4E1D5C02A48B}"
EndProject
Project("{8BC9CEB8-8B4A-11D0-8D11-00A0C91BC942}") = "LABA55", "LABA55\LABA55.vcxproj", "{5D2C7048-AD27-478A-BF04-9F7E1D0B5C17}"
EndProject
Project("{8BC9CEB8-8B4A-11D0-8D11-00A0C91BC942}") = "LABA56", "LABA56\LABA56.vcxproj", "{BECBA1A7-5407-46DB-8FED-A85C4301B6BE}"
EndProject
Project("{8BC9CEB8-8B4A-11D0-8D11-00A0C91BC942}") = "LABA57", "LABA57\LABA57.vcxproj", "{076DF6D5-3987-4EE0-9B55-B8DEE7C33DC2}"
EndProject
Project("{8BC9CEB8-8B4A-11D0-8D11-00A0C91BC942}") = "LABA58", "LABA58\LABA58.vcxproj", "{F0E86B4C-1A83-4968-9239-F680BDEC13DF}"
EndProject
Project("{8BC9CEB8-8B4A-11D0-8D11-00A0C91BC942}") = "LABA59", "LABA59\LABA59.vcxproj", "{5F8ECE5F-3863-456B-A3DE-ADADEC912F78}"
EndProject
Project("{8BC9CEB8-8B4A-11D0-8D11-00A0C91BC942}") = "LABA510", "LABA510\LABA510.vcxproj", "{30B254CD-526A-41FD-8805-5B1B35C7A0BD}"
EndProject
Project("{8BC9CEB8-8B4A-11D0-8D11-00A0C91BC942}") = "LABA511", "LABA511\LABA511.vcxproj", "{DCC91635-5652-4B84-9C6C-40E45B3886D5}"
EndProject
Project("{8BC9CEB8-8B4A-11D0-8D11-00A0C91BC942}") = "LABA512", "LABA512\LABA512.vcxproj", "{7D29FE43-DD5E-4DA8-AE75-0E488DEB6516}"
EndProject
Global
	GlobalSection(SolutionConfigurationPlatforms) = preSolution
		Debug|x64 = Debug|x64
		Debug|x86 = Debug|x86
		Release|x64 = Release|x64
		Release|x86 = Release|x86
	EndGlobalSection
	GlobalSection(ProjectConfigurationPlatforms) = postSolution
		{9C0FE57C-E54E-4F3A-8C41-4E1D5C02A48B}.Debug|x64.ActiveCfg = Debug|x64
		{9C0FE57C-E54E-4F3A-8C41-4E1D5C02A48B}.Debug|x64.Build.0 = Debug|x64
		{9C0FE57C-E54E-4F3A-8C41-4E1D5C02A48B}.Debug|x86.ActiveCfg = Debug|Win32
		{9C0FE57C-E54E-4F3A-8C41-4E1D5C02A48B}.Debug|x86.Build.0 = Debug|Win32
		{9C0FE57C-E54E-4F3A-8C41-4E1D5C02A48B}.Release|x64.ActiveCfg = Release|x64
		{9C0FE57C-E54E-4F3A-8C41-4E1D5C02A48B}.Release|x64.Build.0 = Release|x64
		{9C0FE57C-E54E-4F3A-8C41-4E1D5C02A48B}.Release|x86.ActiveCfg = Release|Win32
		{9C0FE57C-E54E-4F3A-8C41-4E1D5C02A48B}.Release|x86.Build.0 = Release|Win32
		{5D2C7048-AD27-478A-BF04-9F7E1D0B5C17}.Debug|x64.ActiveCfg = Debug|x64
		{5D2C7048-AD27-478A-BF04-9F7E1D0B5C17}.Debug|x64.Build.0 = Debug|x64
		{5D2C7048-AD27-478A-BF04-9F7E1D0B5C17}.Debug|x86.ActiveCfg = Debug|Win32
		{5D2C7048-AD27-478A-BF04-9F7E1D0B5C17}.Debug|x86.Build.0 = Debug|Win32
		{5D2C7048-AD27-478A-BF04-9F7E1D0B5C17}.Release|x64.ActiveCfg = Release|x64
		{5D2C7048-AD27-478A-BF04-9F7E1D0B5C17}.Release|x64.Build.0 = Release|x64
		{5D2C7048-AD27-478A-BF04-9F7E1D0B5C17}.Release|x86.ActiveCfg = Release|Win32
		{5D2C7048-AD27-478A-BF04-9F7E1D0B5C17}.Release|x86.Build.0 = Release|Win32
		{BECBA1A7-5407-46DB-8FED-A85C4301B6BE}.Debug|x64.ActiveCfg = Debug|x64
		{BECBA1A7-5407-46DB-8FED-A85C4301B6BE}.Debug|x64.Build.0 = Debug|x64
		{BECBA1A7-5407-46DB-8FED-A85C4301B6BE}.Debug|x86.ActiveCfg = Debug|Win32
		{BECBA1A7-5407-46DB-8FED-A85C4301B6BE}.Debug|x86.Build.0 = Debug|Win32
		{BECBA1A7-5407-46DB-8FED-A85C4301B6BE}.Release|x64.ActiveCfg = Release|x64
		{BECBA1A7-5407-46DB-8FED-A85C4301B6BE}.Release|x64.Build.0 = Release|x64
		{BECBA1A7-5407-46DB-8FED-A85C4301B6BE}.Release|x86.ActiveCfg = Release|Win32
		{BECBA1A7-5407-46DB-8FED-A85C4301B6BE}.Release|x86.Build.0 = Release|Win32
		{076DF6D5-3987-4EE0-9B55-B8DEE7C33DC2}.Debug|x64.ActiveCfg = Debug|x64
		{076DF6D5-3987-4EE0-9B55-B8DEE7C33DC2}.Debug|x64.Build.0 = Debug|x64
		{076DF6D5-3987-4EE0-9B55-B8DEE7C33DC2}.Debug|x86.ActiveCfg = Debug|Win32
		{076DF6D5-3987-4EE0-9B55-B8DEE7C33DC2}.Debug|x86.Build.0 = Debug|Win32
		{076DF6D5-3987-4EE0-9B55-B8DEE7C33DC2}.Release|x64.ActiveCfg = Release|x64
		{076DF6D5-3987-4EE0-9B55-B8DEE7C33DC2}.Release|x64.Build.0 = Release|x64
		{076DF6D5-3987-4EE0-9B55-B8DEE7C33DC2}.Release|x86.ActiveCfg = Release|Win32
		{076DF6D5-3987-4EE0-9B55-B8DEE7C33DC2}.Release|x86.Build.0 = Release|Win32
		{F0E86B4C-1A83-4968-9239-F680BDEC13DF}.Debug|x64.ActiveCfg = Debug|x64
		{F0E86B4C-1A83-4968-9239-F680BDEC13DF}.Debug|x64.Build.0 = Debug|x64
		{F0E86B4C-1A83-4968-9239-F680BDEC13DF}.Debug|x86.ActiveCfg = Debug|Win32
		{F0E86B4C-1A83-4968-9239-F680BDEC13DF}.Debug|x86.Build.0 = Debug|Win32
		{F0E86B4C-1A83-4968-9239-F680BDEC13DF}.Release|x64.ActiveCfg = Release|x64
		{F0E86B4C-1A83-4968-9239-F680BDEC13DF}.Release|x64.Build.0 = Release|x64
		{F0E86B4C-1A83-4968-9239-F680BDEC13DF}.Release|x86.ActiveCfg = Release|Win32
		{F0E86B4C-1A83-4968-9239-F680BDEC13DF}.Release|x86.Build.0 = Release|Win32
		{5F8ECE5F-3863-456B-A3DE-ADADEC912F78}.Debug|x64.ActiveCfg = Debug|x64
		{5F8ECE5F-3863-456B-A3DE-ADADEC912F78}.Debug|x64.Build.0 = Debug|x64
		{5F8ECE5F-3863-456B-A3DE-ADADEC912F78}.Debug|x86.ActiveCfg = Debug|Win32
		{5F8ECE5F-3863-456B-A3DE-ADADEC912F78}.Debug|x86.Build.0 = Debug|Win32
		{5F8ECE5F-3863-456B-A3DE-ADADEC912F78}.Release|x64.ActiveCfg = Release|x64
		{5F8ECE5F-3863-456B-A3DE-ADADEC912F78}.Release|x64.Build.0 = Release|x64
		{5F8ECE5F-3863-456B-A3DE-ADADEC912F78}.Release|x86.ActiveCfg = Release|Win32
		{5F8ECE5F-3863-456B-A3DE-ADADEC912F78}.Release|x86.Build.0 = Release|Win32
		{30B254CD-526A-41FD-8805-5B1B35C7A0BD}.Debug|x64.ActiveCfg = Debug|x64
		{30B254CD-526A-41FD-8805-5B1B35C7A0BD}.Debug|x64.Build.0 = Debug|x64
		{30B254CD-526A-41FD-8805-5B1B35C7A0BD}.Debug|x86.ActiveCfg = Debug|Win32
		{30B254CD-526A-41FD-8805-5B1B35C7A0BD}.Debug|x86.Build.0 = Debug|Win32
		{30B254CD-526A-41FD-8805-5B1B35C7A0BD}.Release|x64.ActiveCfg = Release|x64
		{30B254CD-526A-41FD-8805-5B1B35C7A0BD}.Release|x64.Build.0 = Release|x64
		{30B254CD-526A-41FD-8805-5B1B35C7A0BD}.Release|x86.ActiveCfg = Release|Win32
		{30B254CD-526A-41FD-8805-5B1B35C7A0BD}.Release|x86.Build.0 = Release|Win32
		{DCC91635-5652-4B84-9C6C-40E45B3886D5}.Debug|x64.ActiveCfg = Debug|x64
		{DCC91635-5652-4B84-9C6C-40E45B3886D5}.Debug|x64.Build.0 = Debug|x64
		{DCC91635-5652-4B84-9C6C-40E45B3886D5}.Debug|x86.ActiveCfg = Debug|Win32
		{DCC91635-5652-4B84-9C6C-40E45B3886D5}.Debug|x86.Build.0 = Debug|Win32
		{DCC91635-5652-4B84-9C6C-40E45B3886D5}.Release|x64.ActiveCfg = Release|x64
		{DCC91635-5652-4B84-9C6C-40E45B3886D5}.Release|x64.Build.0 = Release|x64
		{DCC91635-5652-4B84-9C6C-40E45B3886D5}.Release|x86.ActiveCfg = Release|Win32
		{DCC91635-5652-4B84-9C6C-40E45B3886D5}.Release|x86.Build.0 = Release|Win32
		{7D29FE43-DD5E-4DA8-AE75-0E488DEB6516}.Debug|x64.ActiveCfg = Debug|x64
		{7D29FE43-DD5E-4DA8-AE75-0E488DEB6516}.Debug|x64.Build.0 = Debug|x64
		{7D29FE43-DD5E-4DA8-AE75-0E488DEB6516}.Debug|x86.ActiveCfg = Debug|Win32
		{7D29FE43-DD5E-4DA8-AE75-0E488DEB6516}.Debug|x86.Build.0 = Debug|Win32
		{7D29FE43-DD5E-4DA8-AE75-0E488DEB6516}.Release|x64.ActiveCfg = Release|x64
		{7D29FE43-DD5E-4DA8-AE75-0E488DEB6516}.Release|x64.Build.0 = Release|x64
		{7D29FE43-DD5E-4DA8-AE75-0E488DEB6516}.Release|x86.ActiveCfg = Release|Win32
		{7D29FE43-DD5E-4DA8-AE75-0E488DEB6516}.Release|x86.Build.0 = Release|Win32
	EndGlobalSection
	GlobalSection(SolutionProperties) = preSolution
		HideSolutionNode = FALSE
	EndGlobalSection
	GlobalSection(ExtensibilityGlobals) = postSolution
		SolutionGuid = {9C67E13D-8C62-4F05-9C95-5F89722D8BD9}
	EndGlobalSection
EndGlobal
