
Microsoft Visual Studio Solution File, Format Version 12.00
# Visual Studio 15
VisualStudioVersion = 15.0.28010.2046
MinimumVisualStudioVersion = 10.0.40219.1
Project("{8BC9CEB8-8B4A-11D0-8D11-00A0C91BC942}") = "LABA25", "LABA2\LABA2.vcxproj", "{B358607F-4C9C-478C-B185-4E0164832B23}"
EndProject
Project("{8BC9CEB8-8B4A-11D0-8D11-00A0C91BC942}") = "LABA26", "LABA26\LABA26.vcxproj", "{807EC033-BE84-452D-AD8E-910283EC8E85}"
EndProject
Project("{8BC9CEB8-8B4A-11D0-8D11-00A0C91BC942}") = "LABA27", "LABA27\LABA27.vcxproj", "{7EE5C8FD-4BC2-473A-8BA8-0BC7F694EE39}"
EndProject
Project("{8BC9CEB8-8B4A-11D0-8D11-00A0C91BC942}") = "LABA28", "LABA28\LABA28.vcxproj", "{69CEEA74-123F-4DCB-B48C-211DBFB17DFD}"
EndProject
Project("{8BC9CEB8-8B4A-11D0-8D11-00A0C91BC942}") = "LABA29", "LABA29\LABA29.vcxproj", "{DCFC254E-4E8C-4D99-BCCE-C6D534CB2264}"
EndProject
Project("{8BC9CEB8-8B4A-11D0-8D11-00A0C91BC942}") = "LABA210", "LABA210\LABA210.vcxproj", "{1B08EBAD-C8B3-4F62-9C78-D4BE3581000D}"
EndProject
Project("{8BC9CEB8-8B4A-11D0-8D11-00A0C91BC942}") = "LABA211", "LABA211\LABA211.vcxproj", "{4BB2F1C4-AE51-49A5-9F25-AA9B0115C845}"
EndProject
Project("{8BC9CEB8-8B4A-11D0-8D11-00A0C91BC942}") = "LABA212", "LABA212\LABA212.vcxproj", "{4961CD77-8782-436A-A75A-1BA8BFA30B95}"
EndProject
Project("{8BC9CEB8-8B4A-11D0-8D11-00A0C91BC942}") = "DEFENCE", "DEFENCE\DEFENCE.vcxproj", "{D6612AC0-14BA-4158-910C-4C36860092E1}"
EndProject
Global
	GlobalSection(SolutionConfigurationPlatforms) = preSolution
		Debug|x64 = Debug|x64
		Debug|x86 = Debug|x86
		Release|x64 = Release|x64
		Release|x86 = Release|x86
	EndGlobalSection
	GlobalSection(ProjectConfigurationPlatforms) = postSolution
		{B358607F-4C9C-478C-B185-4E0164832B23}.Debug|x64.ActiveCfg = Debug|x64
		{B358607F-4C9C-478C-B185-4E0164832B23}.Debug|x64.Build.0 = Debug|x64
		{B358607F-4C9C-478C-B185-4E0164832B23}.Debug|x86.ActiveCfg = Debug|Win32
		{B358607F-4C9C-478C-B185-4E0164832B23}.Debug|x86.Build.0 = Debug|Win32
		{B358607F-4C9C-478C-B185-4E0164832B23}.Release|x64.ActiveCfg = Release|x64
		{B358607F-4C9C-478C-B185-4E0164832B23}.Release|x64.Build.0 = Release|x64
		{B358607F-4C9C-478C-B185-4E0164832B23}.Release|x86.ActiveCfg = Release|Win32
		{B358607F-4C9C-478C-B185-4E0164832B23}.Release|x86.Build.0 = Release|Win32
		{807EC033-BE84-452D-AD8E-910283EC8E85}.Debug|x64.ActiveCfg = Debug|x64
		{807EC033-BE84-452D-AD8E-910283EC8E85}.Debug|x64.Build.0 = Debug|x64
		{807EC033-BE84-452D-AD8E-910283EC8E85}.Debug|x86.ActiveCfg = Debug|Win32
		{807EC033-BE84-452D-AD8E-910283EC8E85}.Debug|x86.Build.0 = Debug|Win32
		{807EC033-BE84-452D-AD8E-910283EC8E85}.Release|x64.ActiveCfg = Release|x64
		{807EC033-BE84-452D-AD8E-910283EC8E85}.Release|x64.Build.0 = Release|x64
		{807EC033-BE84-452D-AD8E-910283EC8E85}.Release|x86.ActiveCfg = Release|Win32
		{807EC033-BE84-452D-AD8E-910283EC8E85}.Release|x86.Build.0 = Release|Win32
		{7EE5C8FD-4BC2-473A-8BA8-0BC7F694EE39}.Debug|x64.ActiveCfg = Debug|x64
		{7EE5C8FD-4BC2-473A-8BA8-0BC7F694EE39}.Debug|x64.Build.0 = Debug|x64
		{7EE5C8FD-4BC2-473A-8BA8-0BC7F694EE39}.Debug|x86.ActiveCfg = Debug|Win32
		{7EE5C8FD-4BC2-473A-8BA8-0BC7F694EE39}.Debug|x86.Build.0 = Debug|Win32
		{7EE5C8FD-4BC2-473A-8BA8-0BC7F694EE39}.Release|x64.ActiveCfg = Release|x64
		{7EE5C8FD-4BC2-473A-8BA8-0BC7F694EE39}.Release|x64.Build.0 = Release|x64
		{7EE5C8FD-4BC2-473A-8BA8-0BC7F694EE39}.Release|x86.ActiveCfg = Release|Win32
		{7EE5C8FD-4BC2-473A-8BA8-0BC7F694EE39}.Release|x86.Build.0 = Release|Win32
		{69CEEA74-123F-4DCB-B48C-211DBFB17DFD}.Debug|x64.ActiveCfg = Debug|x64
		{69CEEA74-123F-4DCB-B48C-211DBFB17DFD}.Debug|x64.Build.0 = Debug|x64
		{69CEEA74-123F-4DCB-B48C-211DBFB17DFD}.Debug|x86.ActiveCfg = Debug|Win32
		{69CEEA74-123F-4DCB-B48C-211DBFB17DFD}.Debug|x86.Build.0 = Debug|Win32
		{69CEEA74-123F-4DCB-B48C-211DBFB17DFD}.Release|x64.ActiveCfg = Release|x64
		{69CEEA74-123F-4DCB-B48C-211DBFB17DFD}.Release|x64.Build.0 = Release|x64
		{69CEEA74-123F-4DCB-B48C-211DBFB17DFD}.Release|x86.ActiveCfg = Release|Win32
		{69CEEA74-123F-4DCB-B48C-211DBFB17DFD}.Release|x86.Build.0 = Release|Win32
		{DCFC254E-4E8C-4D99-BCCE-C6D534CB2264}.Debug|x64.ActiveCfg = Debug|x64
		{DCFC254E-4E8C-4D99-BCCE-C6D534CB2264}.Debug|x64.Build.0 = Debug|x64
		{DCFC254E-4E8C-4D99-BCCE-C6D534CB2264}.Debug|x86.ActiveCfg = Debug|Win32
		{DCFC254E-4E8C-4D99-BCCE-C6D534CB2264}.Debug|x86.Build.0 = Debug|Win32
		{DCFC254E-4E8C-4D99-BCCE-C6D534CB2264}.Release|x64.ActiveCfg = Release|x64
		{DCFC254E-4E8C-4D99-BCCE-C6D534CB2264}.Release|x64.Build.0 = Release|x64
		{DCFC254E-4E8C-4D99-BCCE-C6D534CB2264}.Release|x86.ActiveCfg = Release|Win32
		{DCFC254E-4E8C-4D99-BCCE-C6D534CB2264}.Release|x86.Build.0 = Release|Win32
		{1B08EBAD-C8B3-4F62-9C78-D4BE3581000D}.Debug|x64.ActiveCfg = Debug|x64
		{1B08EBAD-C8B3-4F62-9C78-D4BE3581000D}.Debug|x64.Build.0 = Debug|x64
		{1B08EBAD-C8B3-4F62-9C78-D4BE3581000D}.Debug|x86.ActiveCfg = Debug|Win32
		{1B08EBAD-C8B3-4F62-9C78-D4BE3581000D}.Debug|x86.Build.0 = Debug|Win32
		{1B08EBAD-C8B3-4F62-9C78-D4BE3581000D}.Release|x64.ActiveCfg = Release|x64
		{1B08EBAD-C8B3-4F62-9C78-D4BE3581000D}.Release|x64.Build.0 = Release|x64
		{1B08EBAD-C8B3-4F62-9C78-D4BE3581000D}.Release|x86.ActiveCfg = Release|Win32
		{1B08EBAD-C8B3-4F62-9C78-D4BE3581000D}.Release|x86.Build.0 = Release|Win32
		{4BB2F1C4-AE51-49A5-9F25-AA9B0115C845}.Debug|x64.ActiveCfg = Debug|x64
		{4BB2F1C4-AE51-49A5-9F25-AA9B0115C845}.Debug|x64.Build.0 = Debug|x64
		{4BB2F1C4-AE51-49A5-9F25-AA9B0115C845}.Debug|x86.ActiveCfg = Debug|Win32
		{4BB2F1C4-AE51-49A5-9F25-AA9B0115C845}.Debug|x86.Build.0 = Debug|Win32
		{4BB2F1C4-AE51-49A5-9F25-AA9B0115C845}.Release|x64.ActiveCfg = Release|x64
		{4BB2F1C4-AE51-49A5-9F25-AA9B0115C845}.Release|x64.Build.0 = Release|x64
		{4BB2F1C4-AE51-49A5-9F25-AA9B0115C845}.Release|x86.ActiveCfg = Release|Win32
		{4BB2F1C4-AE51-49A5-9F25-AA9B0115C845}.Release|x86.Build.0 = Release|Win32
		{4961CD77-8782-436A-A75A-1BA8BFA30B95}.Debug|x64.ActiveCfg = Debug|x64
		{4961CD77-8782-436A-A75A-1BA8BFA30B95}.Debug|x64.Build.0 = Debug|x64
		{4961CD77-8782-436A-A75A-1BA8BFA30B95}.Debug|x86.ActiveCfg = Debug|Win32
		{4961CD77-8782-436A-A75A-1BA8BFA30B95}.Debug|x86.Build.0 = Debug|Win32
		{4961CD77-8782-436A-A75A-1BA8BFA30B95}.Release|x64.ActiveCfg = Release|x64
		{4961CD77-8782-436A-A75A-1BA8BFA30B95}.Release|x64.Build.0 = Release|x64
		{4961CD77-8782-436A-A75A-1BA8BFA30B95}.Release|x86.ActiveCfg = Release|Win32
		{4961CD77-8782-436A-A75A-1BA8BFA30B95}.Release|x86.Build.0 = Release|Win32
		{D6612AC0-14BA-4158-910C-4C36860092E1}.Debug|x64.ActiveCfg = Debug|x64
		{D6612AC0-14BA-4158-910C-4C36860092E1}.Debug|x64.Build.0 = Debug|x64
		{D6612AC0-14BA-4158-910C-4C36860092E1}.Debug|x86.ActiveCfg = Debug|Win32
		{D6612AC0-14BA-4158-910C-4C36860092E1}.Debug|x86.Build.0 = Debug|Win32
		{D6612AC0-14BA-4158-910C-4C36860092E1}.Release|x64.ActiveCfg = Release|x64
		{D6612AC0-14BA-4158-910C-4C36860092E1}.Release|x64.Build.0 = Release|x64
		{D6612AC0-14BA-4158-910C-4C36860092E1}.Release|x86.ActiveCfg = Release|Win32
		{D6612AC0-14BA-4158-910C-4C36860092E1}.Release|x86.Build.0 = Release|Win32
	EndGlobalSection
	GlobalSection(SolutionProperties) = preSolution
		HideSolutionNode = FALSE
	EndGlobalSection
	GlobalSection(ExtensibilityGlobals) = postSolution
		SolutionGuid = {65B4D626-FA4E-401F-9BD2-1C7B9345A69E}
	EndGlobalSection
EndGlobal
