
Microsoft Visual Studio Solution File, Format Version 12.00
# Visual Studio 15
VisualStudioVersion = 15.0.28010.2046
MinimumVisualStudioVersion = 10.0.40219.1
Project("{8BC9CEB8-8B4A-11D0-8D11-00A0C91BC942}") = "LABA64", "LABA6\LABA6.vcxproj", "{58E95AB1-87D0-455A-932C-90DDDF683918}"
EndProject
Project("{8BC9CEB8-8B4A-11D0-8D11-00A0C91BC942}") = "LABA65", "LABA65\LABA65.vcxproj", "{274B02AA-16A8-479A-81C2-6BC69A678128}"
EndProject
Project("{8BC9CEB8-8B4A-11D0-8D11-00A0C91BC942}") = "LABA66", "LABA66\LABA66.vcxproj", "{89B9D210-A2E0-4648-90EE-AAD92155940E}"
EndProject
Project("{8BC9CEB8-8B4A-11D0-8D11-00A0C91BC942}") = "LABA67", "LABA67\LABA67.vcxproj", "{2D6DF368-8D9C-4E05-B9B4-740846945070}"
EndProject
Project("{8BC9CEB8-8B4A-11D0-8D11-00A0C91BC942}") = "LABA68", "LABA68\LABA68.vcxproj", "{21791221-8E28-4F91-A816-48AD0E633679}"
EndProject
Project("{8BC9CEB8-8B4A-11D0-8D11-00A0C91BC942}") = "LABA69", "LABA69\LABA69.vcxproj", "{0E1AA65C-5DFD-4E32-89E9-017677CF7583}"
EndProject
Project("{8BC9CEB8-8B4A-11D0-8D11-00A0C91BC942}") = "LABA610", "LABA610\LABA610.vcxproj", "{9BFA83C1-D08B-4C44-8228-D544FE9FC077}"
EndProject
Project("{8BC9CEB8-8B4A-11D0-8D11-00A0C91BC942}") = "LABA611", "LABA611\LABA611.vcxproj", "{5F218555-3166-4C39-A613-FF2DFFC429EC}"
EndProject
Project("{8BC9CEB8-8B4A-11D0-8D11-00A0C91BC942}") = "LABA612", "LABA612\LABA612.vcxproj", "{EF5F523D-0437-4C22-84D0-1E0C0D140F6E}"
EndProject
Global
	GlobalSection(SolutionConfigurationPlatforms) = preSolution
		Debug|x64 = Debug|x64
		Debug|x86 = Debug|x86
		Release|x64 = Release|x64
		Release|x86 = Release|x86
	EndGlobalSection
	GlobalSection(ProjectConfigurationPlatforms) = postSolution
		{58E95AB1-87D0-455A-932C-90DDDF683918}.Debug|x64.ActiveCfg = Debug|x64
		{58E95AB1-87D0-455A-932C-90DDDF683918}.Debug|x64.Build.0 = Debug|x64
		{58E95AB1-87D0-455A-932C-90DDDF683918}.Debug|x86.ActiveCfg = Debug|Win32
		{58E95AB1-87D0-455A-932C-90DDDF683918}.Debug|x86.Build.0 = Debug|Win32
		{58E95AB1-87D0-455A-932C-90DDDF683918}.Release|x64.ActiveCfg = Release|x64
		{58E95AB1-87D0-455A-932C-90DDDF683918}.Release|x64.Build.0 = Release|x64
		{58E95AB1-87D0-455A-932C-90DDDF683918}.Release|x86.ActiveCfg = Release|Win32
		{58E95AB1-87D0-455A-932C-90DDDF683918}.Release|x86.Build.0 = Release|Win32
		{274B02AA-16A8-479A-81C2-6BC69A678128}.Debug|x64.ActiveCfg = Debug|x64
		{274B02AA-16A8-479A-81C2-6BC69A678128}.Debug|x64.Build.0 = Debug|x64
		{274B02AA-16A8-479A-81C2-6BC69A678128}.Debug|x86.ActiveCfg = Debug|Win32
		{274B02AA-16A8-479A-81C2-6BC69A678128}.Debug|x86.Build.0 = Debug|Win32
		{274B02AA-16A8-479A-81C2-6BC69A678128}.Release|x64.ActiveCfg = Release|x64
		{274B02AA-16A8-479A-81C2-6BC69A678128}.Release|x64.Build.0 = Release|x64
		{274B02AA-16A8-479A-81C2-6BC69A678128}.Release|x86.ActiveCfg = Release|Win32
		{274B02AA-16A8-479A-81C2-6BC69A678128}.Release|x86.Build.0 = Release|Win32
		{89B9D210-A2E0-4648-90EE-AAD92155940E}.Debug|x64.ActiveCfg = Debug|x64
		{89B9D210-A2E0-4648-90EE-AAD92155940E}.Debug|x64.Build.0 = Debug|x64
		{89B9D210-A2E0-4648-90EE-AAD92155940E}.Debug|x86.ActiveCfg = Debug|Win32
		{89B9D210-A2E0-4648-90EE-AAD92155940E}.Debug|x86.Build.0 = Debug|Win32
		{89B9D210-A2E0-4648-90EE-AAD92155940E}.Release|x64.ActiveCfg = Release|x64
		{89B9D210-A2E0-4648-90EE-AAD92155940E}.Release|x64.Build.0 = Release|x64
		{89B9D210-A2E0-4648-90EE-AAD92155940E}.Release|x86.ActiveCfg = Release|Win32
		{89B9D210-A2E0-4648-90EE-AAD92155940E}.Release|x86.Build.0 = Release|Win32
		{2D6DF368-8D9C-4E05-B9B4-740846945070}.Debug|x64.ActiveCfg = Debug|x64
		{2D6DF368-8D9C-4E05-B9B4-740846945070}.Debug|x64.Build.0 = Debug|x64
		{2D6DF368-8D9C-4E05-B9B4-740846945070}.Debug|x86.ActiveCfg = Debug|Win32
		{2D6DF368-8D9C-4E05-B9B4-740846945070}.Debug|x86.Build.0 = Debug|Win32
		{2D6DF368-8D9C-4E05-B9B4-740846945070}.Release|x64.ActiveCfg = Release|x64
		{2D6DF368-8D9C-4E05-B9B4-740846945070}.Release|x64.Build.0 = Release|x64
		{2D6DF368-8D9C-4E05-B9B4-740846945070}.Release|x86.ActiveCfg = Release|Win32
		{2D6DF368-8D9C-4E05-B9B4-740846945070}.Release|x86.Build.0 = Release|Win32
		{21791221-8E28-4F91-A816-48AD0E633679}.Debug|x64.ActiveCfg = Debug|x64
		{21791221-8E28-4F91-A816-48AD0E633679}.Debug|x64.Build.0 = Debug|x64
		{21791221-8E28-4F91-A816-48AD0E633679}.Debug|x86.ActiveCfg = Debug|Win32
		{21791221-8E28-4F91-A816-48AD0E633679}.Debug|x86.Build.0 = Debug|Win32
		{21791221-8E28-4F91-A816-48AD0E633679}.Release|x64.ActiveCfg = Release|x64
		{21791221-8E28-4F91-A816-48AD0E633679}.Release|x64.Build.0 = Release|x64
		{21791221-8E28-4F91-A816-48AD0E633679}.Release|x86.ActiveCfg = Release|Win32
		{21791221-8E28-4F91-A816-48AD0E633679}.Release|x86.Build.0 = Release|Win32
		{0E1AA65C-5DFD-4E32-89E9-017677CF7583}.Debug|x64.ActiveCfg = Debug|x64
		{0E1AA65C-5DFD-4E32-89E9-017677CF7583}.Debug|x64.Build.0 = Debug|x64
		{0E1AA65C-5DFD-4E32-89E9-017677CF7583}.Debug|x86.ActiveCfg = Debug|Win32
		{0E1AA65C-5DFD-4E32-89E9-017677CF7583}.Debug|x86.Build.0 = Debug|Win32
		{0E1AA65C-5DFD-4E32-89E9-017677CF7583}.Release|x64.ActiveCfg = Release|x64
		{0E1AA65C-5DFD-4E32-89E9-017677CF7583}.Release|x64.Build.0 = Release|x64
		{0E1AA65C-5DFD-4E32-89E9-017677CF7583}.Release|x86.ActiveCfg = Release|Win32
		{0E1AA65C-5DFD-4E32-89E9-017677CF7583}.Release|x86.Build.0 = Release|Win32
		{9BFA83C1-D08B-4C44-8228-D544FE9FC077}.Debug|x64.ActiveCfg = Debug|x64
		{9BFA83C1-D08B-4C44-8228-D544FE9FC077}.Debug|x64.Build.0 = Debug|x64
		{9BFA83C1-D08B-4C44-8228-D544FE9FC077}.Debug|x86.ActiveCfg = Debug|Win32
		{9BFA83C1-D08B-4C44-8228-D544FE9FC077}.Debug|x86.Build.0 = Debug|Win32
		{9BFA83C1-D08B-4C44-8228-D544FE9FC077}.Release|x64.ActiveCfg = Release|x64
		{9BFA83C1-D08B-4C44-8228-D544FE9FC077}.Release|x64.Build.0 = Release|x64
		{9BFA83C1-D08B-4C44-8228-D544FE9FC077}.Release|x86.ActiveCfg = Release|Win32
		{9BFA83C1-D08B-4C44-8228-D544FE9FC077}.Release|x86.Build.0 = Release|Win32
		{5F218555-3166-4C39-A613-FF2DFFC429EC}.Debug|x64.ActiveCfg = Debug|x64
		{5F218555-3166-4C39-A613-FF2DFFC429EC}.Debug|x64.Build.0 = Debug|x64
		{5F218555-3166-4C39-A613-FF2DFFC429EC}.Debug|x86.ActiveCfg = Debug|Win32
		{5F218555-3166-4C39-A613-FF2DFFC429EC}.Debug|x86.Build.0 = Debug|Win32
		{5F218555-3166-4C39-A613-FF2DFFC429EC}.Release|x64.ActiveCfg = Release|x64
		{5F218555-3166-4C39-A613-FF2DFFC429EC}.Release|x64.Build.0 = Release|x64
		{5F218555-3166-4C39-A613-FF2DFFC429EC}.Release|x86.ActiveCfg = Release|Win32
		{5F218555-3166-4C39-A613-FF2DFFC429EC}.Release|x86.Build.0 = Release|Win32
		{EF5F523D-0437-4C22-84D0-1E0C0D140F6E}.Debug|x64.ActiveCfg = Debug|x64
		{EF5F523D-0437-4C22-84D0-1E0C0D140F6E}.Debug|x64.Build.0 = Debug|x64
		{EF5F523D-0437-4C22-84D0-1E0C0D140F6E}.Debug|x86.ActiveCfg = Debug|Win32
		{EF5F523D-0437-4C22-84D0-1E0C0D140F6E}.Debug|x86.Build.0 = Debug|Win32
		{EF5F523D-0437-4C22-84D0-1E0C0D140F6E}.Release|x64.ActiveCfg = Release|x64
		{EF5F523D-0437-4C22-84D0-1E0C0D140F6E}.Release|x64.Build.0 = Release|x64
		{EF5F523D-0437-4C22-84D0-1E0C0D140F6E}.Release|x86.ActiveCfg = Release|Win32
		{EF5F523D-0437-4C22-84D0-1E0C0D140F6E}.Release|x86.Build.0 = Release|Win32
	EndGlobalSection
	GlobalSection(SolutionProperties) = preSolution
		HideSolutionNode = FALSE
	EndGlobalSection
	GlobalSection(ExtensibilityGlobals) = postSolution
		SolutionGuid = {FE8E16AB-2BDC-41D1-968D-A1A0F3424F5A}
	EndGlobalSection
EndGlobal
