
Microsoft Visual Studio Solution File, Format Version 12.00
# Visual Studio 15
VisualStudioVersion = 15.0.28010.2046
MinimumVisualStudioVersion = 10.0.40219.1
Project("{8BC9CEB8-8B4A-11D0-8D11-00A0C91BC942}") = "LABA34", "LABA3\LABA3.vcxproj", "{D611B919-0483-4A63-AB57-C081555797C0}"
EndProject
Project("{8BC9CEB8-8B4A-11D0-8D11-00A0C91BC942}") = "LABA35", "LABA35\LABA35.vcxproj", "{6E7E1CBA-9F06-4395-85C4-999D8EDE9A22}"
EndProject
Project("{8BC9CEB8-8B4A-11D0-8D11-00A0C91BC942}") = "LABA37", "LABA37\LABA37.vcxproj", "{40D83C48-2ED5-42B2-9795-EE248EBB13F9}"
EndProject
Project("{8BC9CEB8-8B4A-11D0-8D11-00A0C91BC942}") = "LABA36", "LABA36\LABA36.vcxproj", "{3E9D582D-5A0B-4880-8E12-705A84F033F9}"
EndProject
Project("{8BC9CEB8-8B4A-11D0-8D11-00A0C91BC942}") = "LABA38", "LABA38\LABA38.vcxproj", "{15AE5A08-83A8-4530-ABBF-1A60602E4896}"
EndProject
Project("{8BC9CEB8-8B4A-11D0-8D11-00A0C91BC942}") = "LABA39", "LABA39\LABA39.vcxproj", "{A89589C4-2568-4035-B16C-0C3299F25279}"
EndProject
Project("{8BC9CEB8-8B4A-11D0-8D11-00A0C91BC942}") = "LABA310", "LABA310\LABA310.vcxproj", "{1912DD17-1603-42E5-8A94-F3FA1E3DDBC1}"
EndProject
Project("{8BC9CEB8-8B4A-11D0-8D11-00A0C91BC942}") = "LABA311", "LABA311\LABA311.vcxproj", "{F88916CB-755D-49C9-8CFF-2FF000D71CD8}"
EndProject
Project("{8BC9CEB8-8B4A-11D0-8D11-00A0C91BC942}") = "LABA312", "LABA312\LABA312.vcxproj", "{2775F3E5-11D3-402D-803E-4D5A3176FE81}"
EndProject
Global
	GlobalSection(SolutionConfigurationPlatforms) = preSolution
		Debug|Any CPU = Debug|Any CPU
		Debug|x64 = Debug|x64
		Debug|x86 = Debug|x86
		Release|Any CPU = Release|Any CPU
		Release|x64 = Release|x64
		Release|x86 = Release|x86
	EndGlobalSection
	GlobalSection(ProjectConfigurationPlatforms) = postSolution
		{D611B919-0483-4A63-AB57-C081555797C0}.Debug|Any CPU.ActiveCfg = Debug|Win32
		{D611B919-0483-4A63-AB57-C081555797C0}.Debug|x64.ActiveCfg = Debug|x64
		{D611B919-0483-4A63-AB57-C081555797C0}.Debug|x64.Build.0 = Debug|x64
		{D611B919-0483-4A63-AB57-C081555797C0}.Debug|x86.ActiveCfg = Debug|Win32
		{D611B919-0483-4A63-AB57-C081555797C0}.Debug|x86.Build.0 = Debug|Win32
		{D611B919-0483-4A63-AB57-C081555797C0}.Release|Any CPU.ActiveCfg = Release|Win32
		{D611B919-0483-4A63-AB57-C081555797C0}.Release|x64.ActiveCfg = Release|x64
		{D611B919-0483-4A63-AB57-C081555797C0}.Release|x64.Build.0 = Release|x64
		{D611B919-0483-4A63-AB57-C081555797C0}.Release|x86.ActiveCfg = Release|Win32
		{D611B919-0483-4A63-AB57-C081555797C0}.Release|x86.Build.0 = Release|Win32
		{6E7E1CBA-9F06-4395-85C4-999D8EDE9A22}.Debug|Any CPU.ActiveCfg = Debug|Win32
		{6E7E1CBA-9F06-4395-85C4-999D8EDE9A22}.Debug|x64.ActiveCfg = Debug|x64
		{6E7E1CBA-9F06-4395-85C4-999D8EDE9A22}.Debug|x64.Build.0 = Debug|x64
		{6E7E1CBA-9F06-4395-85C4-999D8EDE9A22}.Debug|x86.ActiveCfg = Debug|Win32
		{6E7E1CBA-9F06-4395-85C4-999D8EDE9A22}.Debug|x86.Build.0 = Debug|Win32
		{6E7E1CBA-9F06-4395-85C4-999D8EDE9A22}.Release|Any CPU.ActiveCfg = Release|Win32
		{6E7E1CBA-9F06-4395-85C4-999D8EDE9A22}.Release|x64.ActiveCfg = Release|x64
		{6E7E1CBA-9F06-4395-85C4-999D8EDE9A22}.Release|x64.Build.0 = Release|x64
		{6E7E1CBA-9F06-4395-85C4-999D8EDE9A22}.Release|x86.ActiveCfg = Release|Win32
		{6E7E1CBA-9F06-4395-85C4-999D8EDE9A22}.Release|x86.Build.0 = Release|Win32
		{40D83C48-2ED5-42B2-9795-EE248EBB13F9}.Debug|Any CPU.ActiveCfg = Debug|Win32
		{40D83C48-2ED5-42B2-9795-EE248EBB13F9}.Debug|x64.ActiveCfg = Debug|x64
		{40D83C48-2ED5-42B2-9795-EE248EBB13F9}.Debug|x64.Build.0 = Debug|x64
		{40D83C48-2ED5-42B2-9795-EE248EBB13F9}.Debug|x86.ActiveCfg = Debug|Win32
		{40D83C48-2ED5-42B2-9795-EE248EBB13F9}.Debug|x86.Build.0 = Debug|Win32
		{40D83C48-2ED5-42B2-9795-EE248EBB13F9}.Release|Any CPU.ActiveCfg = Release|Win32
		{40D83C48-2ED5-42B2-9795-EE248EBB13F9}.Release|x64.ActiveCfg = Release|x64
		{40D83C48-2ED5-42B2-9795-EE248EBB13F9}.Release|x64.Build.0 = Release|x64
		{40D83C48-2ED5-42B2-9795-EE248EBB13F9}.Release|x86.ActiveCfg = Release|Win32
		{40D83C48-2ED5-42B2-9795-EE248EBB13F9}.Release|x86.Build.0 = Release|Win32
		{3E9D582D-5A0B-4880-8E12-705A84F033F9}.Debug|Any CPU.ActiveCfg = Debug|Win32
		{3E9D582D-5A0B-4880-8E12-705A84F033F9}.Debug|x64.ActiveCfg = Debug|x64
		{3E9D582D-5A0B-4880-8E12-705A84F033F9}.Debug|x64.Build.0 = Debug|x64
		{3E9D582D-5A0B-4880-8E12-705A84F033F9}.Debug|x86.ActiveCfg = Debug|Win32
		{3E9D582D-5A0B-4880-8E12-705A84F033F9}.Debug|x86.Build.0 = Debug|Win32
		{3E9D582D-5A0B-4880-8E12-705A84F033F9}.Release|Any CPU.ActiveCfg = Release|Win32
		{3E9D582D-5A0B-4880-8E12-705A84F033F9}.Release|x64.ActiveCfg = Release|x64
		{3E9D582D-5A0B-4880-8E12-705A84F033F9}.Release|x64.Build.0 = Release|x64
		{3E9D582D-5A0B-4880-8E12-705A84F033F9}.Release|x86.ActiveCfg = Release|Win32
		{3E9D582D-5A0B-4880-8E12-705A84F033F9}.Release|x86.Build.0 = Release|Win32
		{15AE5A08-83A8-4530-ABBF-1A60602E4896}.Debug|Any CPU.ActiveCfg = Debug|Win32
		{15AE5A08-83A8-4530-ABBF-1A60602E4896}.Debug|x64.ActiveCfg = Debug|x64
		{15AE5A08-83A8-4530-ABBF-1A60602E4896}.Debug|x64.Build.0 = Debug|x64
		{15AE5A08-83A8-4530-ABBF-1A60602E4896}.Debug|x86.ActiveCfg = Debug|Win32
		{15AE5A08-83A8-4530-ABBF-1A60602E4896}.Debug|x86.Build.0 = Debug|Win32
		{15AE5A08-83A8-4530-ABBF-1A60602E4896}.Release|Any CPU.ActiveCfg = Release|Win32
		{15AE5A08-83A8-4530-ABBF-1A60602E4896}.Release|x64.ActiveCfg = Release|x64
		{15AE5A08-83A8-4530-ABBF-1A60602E4896}.Release|x64.Build.0 = Release|x64
		{15AE5A08-83A8-4530-ABBF-1A60602E4896}.Release|x86.ActiveCfg = Release|Win32
		{15AE5A08-83A8-4530-ABBF-1A60602E4896}.Release|x86.Build.0 = Release|Win32
		{A89589C4-2568-4035-B16C-0C3299F25279}.Debug|Any CPU.ActiveCfg = Debug|Win32
		{A89589C4-2568-4035-B16C-0C3299F25279}.Debug|x64.ActiveCfg = Debug|x64
		{A89589C4-2568-4035-B16C-0C3299F25279}.Debug|x64.Build.0 = Debug|x64
		{A89589C4-2568-4035-B16C-0C3299F25279}.Debug|x86.ActiveCfg = Debug|Win32
		{A89589C4-2568-4035-B16C-0C3299F25279}.Debug|x86.Build.0 = Debug|Win32
		{A89589C4-2568-4035-B16C-0C3299F25279}.Release|Any CPU.ActiveCfg = Release|Win32
		{A89589C4-2568-4035-B16C-0C3299F25279}.Release|x64.ActiveCfg = Release|x64
		{A89589C4-2568-4035-B16C-0C3299F25279}.Release|x64.Build.0 = Release|x64
		{A89589C4-2568-4035-B16C-0C3299F25279}.Release|x86.ActiveCfg = Release|Win32
		{A89589C4-2568-4035-B16C-0C3299F25279}.Release|x86.Build.0 = Release|Win32
		{1912DD17-1603-42E5-8A94-F3FA1E3DDBC1}.Debug|Any CPU.ActiveCfg = Debug|Win32
		{1912DD17-1603-42E5-8A94-F3FA1E3DDBC1}.Debug|x64.ActiveCfg = Debug|x64
		{1912DD17-1603-42E5-8A94-F3FA1E3DDBC1}.Debug|x64.Build.0 = Debug|x64
		{1912DD17-1603-42E5-8A94-F3FA1E3DDBC1}.Debug|x86.ActiveCfg = Debug|Win32
		{1912DD17-1603-42E5-8A94-F3FA1E3DDBC1}.Debug|x86.Build.0 = Debug|Win32
		{1912DD17-1603-42E5-8A94-F3FA1E3DDBC1}.Release|Any CPU.ActiveCfg = Release|Win32
		{1912DD17-1603-42E5-8A94-F3FA1E3DDBC1}.Release|x64.ActiveCfg = Release|x64
		{1912DD17-1603-42E5-8A94-F3FA1E3DDBC1}.Release|x64.Build.0 = Release|x64
		{1912DD17-1603-42E5-8A94-F3FA1E3DDBC1}.Release|x86.ActiveCfg = Release|Win32
		{1912DD17-1603-42E5-8A94-F3FA1E3DDBC1}.Release|x86.Build.0 = Release|Win32
		{F88916CB-755D-49C9-8CFF-2FF000D71CD8}.Debug|Any CPU.ActiveCfg = Debug|Win32
		{F88916CB-755D-49C9-8CFF-2FF000D71CD8}.Debug|x64.ActiveCfg = Debug|x64
		{F88916CB-755D-49C9-8CFF-2FF000D71CD8}.Debug|x64.Build.0 = Debug|x64
		{F88916CB-755D-49C9-8CFF-2FF000D71CD8}.Debug|x86.ActiveCfg = Debug|Win32
		{F88916CB-755D-49C9-8CFF-2FF000D71CD8}.Debug|x86.Build.0 = Debug|Win32
		{F88916CB-755D-49C9-8CFF-2FF000D71CD8}.Release|Any CPU.ActiveCfg = Release|Win32
		{F88916CB-755D-49C9-8CFF-2FF000D71CD8}.Release|x64.ActiveCfg = Release|x64
		{F88916CB-755D-49C9-8CFF-2FF000D71CD8}.Release|x64.Build.0 = Release|x64
		{F88916CB-755D-49C9-8CFF-2FF000D71CD8}.Release|x86.ActiveCfg = Release|Win32
		{F88916CB-755D-49C9-8CFF-2FF000D71CD8}.Release|x86.Build.0 = Release|Win32
		{2775F3E5-11D3-402D-803E-4D5A3176FE81}.Debug|Any CPU.ActiveCfg = Debug|Win32
		{2775F3E5-11D3-402D-803E-4D5A3176FE81}.Debug|x64.ActiveCfg = Debug|x64
		{2775F3E5-11D3-402D-803E-4D5A3176FE81}.Debug|x64.Build.0 = Debug|x64
		{2775F3E5-11D3-402D-803E-4D5A3176FE81}.Debug|x86.ActiveCfg = Debug|Win32
		{2775F3E5-11D3-402D-803E-4D5A3176FE81}.Debug|x86.Build.0 = Debug|Win32
		{2775F3E5-11D3-402D-803E-4D5A3176FE81}.Release|Any CPU.ActiveCfg = Release|Win32
		{2775F3E5-11D3-402D-803E-4D5A3176FE81}.Release|x64.ActiveCfg = Release|x64
		{2775F3E5-11D3-402D-803E-4D5A3176FE81}.Release|x64.Build.0 = Release|x64
		{2775F3E5-11D3-402D-803E-4D5A3176FE81}.Release|x86.ActiveCfg = Release|Win32
		{2775F3E5-11D3-402D-803E-4D5A3176FE81}.Release|x86.Build.0 = Release|Win32
	EndGlobalSection
	GlobalSection(SolutionProperties) = preSolution
		HideSolutionNode = FALSE
	EndGlobalSection
	GlobalSection(ExtensibilityGlobals) = postSolution
		SolutionGuid = {2A6E29C3-E992-420F-A2B5-DFD068E7EF23}
	EndGlobalSection
EndGlobal
